
Microsoft Visual Studio Solution File, Format Version 12.00
# Visual Studio 2012
Project("{FAE04EC0-301F-11D3-BF4B-00C04F79EFBC}") = "FrmHardware", "FrmHardware\FrmHardware.csproj", "{C6ED764A-40CA-4604-A081-C97B2B2C5DA3}"
EndProject
Project("{FAE04EC0-301F-11D3-BF4B-00C04F79EFBC}") = "Client", "Client\Client.csproj", "{A7FD1554-A07D-4087-B4A3-905F89EE1504}"
	ProjectSection(ProjectDependencies) = postProject
		{C6ED764A-40CA-4604-A081-C97B2B2C5DA3} = {C6ED764A-40CA-4604-A081-C97B2B2C5DA3}
	EndProjectSection
EndProject
Global
	GlobalSection(SolutionConfigurationPlatforms) = preSolution
		Debug|Any CPU = Debug|Any CPU
		Release|Any CPU = Release|Any CPU
	EndGlobalSection
	GlobalSection(ProjectConfigurationPlatforms) = postSolution
		{C6ED764A-40CA-4604-A081-C97B2B2C5DA3}.Debug|Any CPU.ActiveCfg = Debug|Any CPU
		{C6ED764A-40CA-4604-A081-C97B2B2C5DA3}.Debug|Any CPU.Build.0 = Debug|Any CPU
		{C6ED764A-40CA-4604-A081-C97B2B2C5DA3}.Release|Any CPU.ActiveCfg = Release|Any CPU
		{C6ED764A-40CA-4604-A081-C97B2B2C5DA3}.Release|Any CPU.Build.0 = Release|Any CPU
		{A7FD1554-A07D-4087-B4A3-905F89EE1504}.Debug|Any CPU.ActiveCfg = Debug|Any CPU
		{A7FD1554-A07D-4087-B4A3-905F89EE1504}.Debug|Any CPU.Build.0 = Debug|Any CPU
		{A7FD1554-A07D-4087-B4A3-905F89EE1504}.Release|Any CPU.ActiveCfg = Release|Any CPU
		{A7FD1554-A07D-4087-B4A3-905F89EE1504}.Release|Any CPU.Build.0 = Release|Any CPU
	EndGlobalSection
	GlobalSection(SolutionProperties) = preSolution
		HideSolutionNode = FALSE
	EndGlobalSection
EndGlobal
